# THIS IS AN AUTOGENERATED FILE. DO NOT EDIT THIS FILE DIRECTLY.
# yarn lockfile v1


"@esbuild-kit/cjs-loader@^2.4.2":
  version "2.4.2"
  resolved "https://registry.yarnpkg.com/@esbuild-kit/cjs-loader/-/cjs-loader-2.4.2.tgz#cb4dde00fbf744a68c4f20162ea15a8242d0fa54"
  integrity sha512-BDXFbYOJzT/NBEtp71cvsrGPwGAMGRB/349rwKuoxNSiKjPraNNnlK6MIIabViCjqZugu6j+xeMDlEkWdHHJSg==
  dependencies:
    "@esbuild-kit/core-utils" "^3.0.0"
    get-tsconfig "^4.4.0"

"@esbuild-kit/core-utils@^3.0.0":
  version "3.1.0"
  resolved "https://registry.yarnpkg.com/@esbuild-kit/core-utils/-/core-utils-3.1.0.tgz#49945d533dbd5e1b7620aa0fc522c15e6ec089c5"
  integrity sha512-Uuk8RpCg/7fdHSceR1M6XbSZFSuMrxcePFuGgyvsBn+u339dk5OeL4jv2EojwTN2st/unJGsVm4qHWjWNmJ/tw==
  dependencies:
    esbuild "~0.17.6"
    source-map-support "^0.5.21"

"@esbuild-kit/esm-loader@^2.5.5":
  version "2.5.5"
  resolved "https://registry.yarnpkg.com/@esbuild-kit/esm-loader/-/esm-loader-2.5.5.tgz#b82da14fcee3fc1d219869756c06f43f67d1ca71"
  integrity sha512-Qwfvj/qoPbClxCRNuac1Du01r9gvNOT+pMYtJDapfB1eoGN1YlJ1BixLyL9WVENRx5RXgNLdfYdx/CuswlGhMw==
  dependencies:
    "@esbuild-kit/core-utils" "^3.0.0"
    get-tsconfig "^4.4.0"

"@esbuild/android-arm64@0.17.16":
  version "0.17.16"
  resolved "https://registry.yarnpkg.com/@esbuild/android-arm64/-/android-arm64-0.17.16.tgz#7b18cab5f4d93e878306196eed26b6d960c12576"
  integrity sha512-QX48qmsEZW+gcHgTmAj+x21mwTz8MlYQBnzF6861cNdQGvj2jzzFjqH0EBabrIa/WVZ2CHolwMoqxVryqKt8+Q==

"@esbuild/android-arm@0.17.16":
  version "0.17.16"
  resolved "https://registry.yarnpkg.com/@esbuild/android-arm/-/android-arm-0.17.16.tgz#5c47f6a7c2cada6ed4b4d4e72d8c66e76d812812"
  integrity sha512-baLqRpLe4JnKrUXLJChoTN0iXZH7El/mu58GE3WIA6/H834k0XWvLRmGLG8y8arTRS9hJJibPnF0tiGhmWeZgw==

"@esbuild/android-x64@0.17.16":
  version "0.17.16"
  resolved "https://registry.yarnpkg.com/@esbuild/android-x64/-/android-x64-0.17.16.tgz#8686a6e98359071ffd5312046551943e7244c51a"
  integrity sha512-G4wfHhrrz99XJgHnzFvB4UwwPxAWZaZBOFXh+JH1Duf1I4vIVfuYY9uVLpx4eiV2D/Jix8LJY+TAdZ3i40tDow==

"@esbuild/darwin-arm64@0.17.16":
  version "0.17.16"
  resolved "https://registry.yarnpkg.com/@esbuild/darwin-arm64/-/darwin-arm64-0.17.16.tgz#aa79fbf447630ca0696a596beba962a775bbf394"
  integrity sha512-/Ofw8UXZxuzTLsNFmz1+lmarQI6ztMZ9XktvXedTbt3SNWDn0+ODTwxExLYQ/Hod91EZB4vZPQJLoqLF0jvEzA==

"@esbuild/darwin-x64@0.17.16":
  version "0.17.16"
  resolved "https://registry.yarnpkg.com/@esbuild/darwin-x64/-/darwin-x64-0.17.16.tgz#d5d68ee510507104da7e7503224c647c957e163e"
  integrity sha512-SzBQtCV3Pdc9kyizh36Ol+dNVhkDyIrGb/JXZqFq8WL37LIyrXU0gUpADcNV311sCOhvY+f2ivMhb5Tuv8nMOQ==

"@esbuild/freebsd-arm64@0.17.16":
  version "0.17.16"
  resolved "https://registry.yarnpkg.com/@esbuild/freebsd-arm64/-/freebsd-arm64-0.17.16.tgz#b00b4cc8c2e424907cfe3a607384ab24794edd52"
  integrity sha512-ZqftdfS1UlLiH1DnS2u3It7l4Bc3AskKeu+paJSfk7RNOMrOxmeFDhLTMQqMxycP1C3oj8vgkAT6xfAuq7ZPRA==

"@esbuild/freebsd-x64@0.17.16":
  version "0.17.16"
  resolved "https://registry.yarnpkg.com/@esbuild/freebsd-x64/-/freebsd-x64-0.17.16.tgz#84af4430a07730b50bbc945a90cf7036c1853b76"
  integrity sha512-rHV6zNWW1tjgsu0dKQTX9L0ByiJHHLvQKrWtnz8r0YYJI27FU3Xu48gpK2IBj1uCSYhJ+pEk6Y0Um7U3rIvV8g==

"@esbuild/linux-arm64@0.17.16":
  version "0.17.16"
  resolved "https://registry.yarnpkg.com/@esbuild/linux-arm64/-/linux-arm64-0.17.16.tgz#35571d15de6272c862d9ce6341372fb3cef0f266"
  integrity sha512-8yoZhGkU6aHu38WpaM4HrRLTFc7/VVD9Q2SvPcmIQIipQt2I/GMTZNdEHXoypbbGao5kggLcxg0iBKjo0SQYKA==

"@esbuild/linux-arm@0.17.16":
  version "0.17.16"
  resolved "https://registry.yarnpkg.com/@esbuild/linux-arm/-/linux-arm-0.17.16.tgz#b65c7cd5b0eadd08f91aab66b9dda81b6a4b2a70"
  integrity sha512-n4O8oVxbn7nl4+m+ISb0a68/lcJClIbaGAoXwqeubj/D1/oMMuaAXmJVfFlRjJLu/ZvHkxoiFJnmbfp4n8cdSw==

"@esbuild/linux-ia32@0.17.16":
  version "0.17.16"
  resolved "https://registry.yarnpkg.com/@esbuild/linux-ia32/-/linux-ia32-0.17.16.tgz#673a68cb251ce44a00a6422ada29064c5a1cd2c0"
  integrity sha512-9ZBjlkdaVYxPNO8a7OmzDbOH9FMQ1a58j7Xb21UfRU29KcEEU3VTHk+Cvrft/BNv0gpWJMiiZ/f4w0TqSP0gLA==

"@esbuild/linux-loong64@0.17.16":
  version "0.17.16"
  resolved "https://registry.yarnpkg.com/@esbuild/linux-loong64/-/linux-loong64-0.17.16.tgz#477e2da34ab46ffdbf4740fa6441e80045249385"
  integrity sha512-TIZTRojVBBzdgChY3UOG7BlPhqJz08AL7jdgeeu+kiObWMFzGnQD7BgBBkWRwOtKR1i2TNlO7YK6m4zxVjjPRQ==

"@esbuild/linux-mips64el@0.17.16":
  version "0.17.16"
  resolved "https://registry.yarnpkg.com/@esbuild/linux-mips64el/-/linux-mips64el-0.17.16.tgz#e1e9687bbdaa831d7c34edc9278200982c1a4bf4"
  integrity sha512-UPeRuFKCCJYpBbIdczKyHLAIU31GEm0dZl1eMrdYeXDH+SJZh/i+2cAmD3A1Wip9pIc5Sc6Kc5cFUrPXtR0XHA==

"@esbuild/linux-ppc64@0.17.16":
  version "0.17.16"
  resolved "https://registry.yarnpkg.com/@esbuild/linux-ppc64/-/linux-ppc64-0.17.16.tgz#2f19075d63622987e86e83a4b7866cd57b796c60"
  integrity sha512-io6yShgIEgVUhExJejJ21xvO5QtrbiSeI7vYUnr7l+v/O9t6IowyhdiYnyivX2X5ysOVHAuyHW+Wyi7DNhdw6Q==

"@esbuild/linux-riscv64@0.17.16":
  version "0.17.16"
  resolved "https://registry.yarnpkg.com/@esbuild/linux-riscv64/-/linux-riscv64-0.17.16.tgz#bbf40a38f03ba2434fe69b5ceeec5d13c742b329"
  integrity sha512-WhlGeAHNbSdG/I2gqX2RK2gfgSNwyJuCiFHMc8s3GNEMMHUI109+VMBfhVqRb0ZGzEeRiibi8dItR3ws3Lk+cA==

"@esbuild/linux-s390x@0.17.16":
  version "0.17.16"
  resolved "https://registry.yarnpkg.com/@esbuild/linux-s390x/-/linux-s390x-0.17.16.tgz#d2b8c0779ccd2b7917cdf0fab8831a468e0f9c01"
  integrity sha512-gHRReYsJtViir63bXKoFaQ4pgTyah4ruiMRQ6im9YZuv+gp3UFJkNTY4sFA73YDynmXZA6hi45en4BGhNOJUsw==

"@esbuild/linux-x64@0.17.16":
  version "0.17.16"
  resolved "https://registry.yarnpkg.com/@esbuild/linux-x64/-/linux-x64-0.17.16.tgz#da48b39cfdc1b12a74976625f583f031eac43590"
  integrity sha512-mfiiBkxEbUHvi+v0P+TS7UnA9TeGXR48aK4XHkTj0ZwOijxexgMF01UDFaBX7Q6CQsB0d+MFNv9IiXbIHTNd4g==

"@esbuild/netbsd-x64@0.17.16":
  version "0.17.16"
  resolved "https://registry.yarnpkg.com/@esbuild/netbsd-x64/-/netbsd-x64-0.17.16.tgz#ddef985aed37cc81908d2573b66c0299dbc49037"
  integrity sha512-n8zK1YRDGLRZfVcswcDMDM0j2xKYLNXqei217a4GyBxHIuPMGrrVuJ+Ijfpr0Kufcm7C1k/qaIrGy6eG7wvgmA==

"@esbuild/openbsd-x64@0.17.16":
  version "0.17.16"
  resolved "https://registry.yarnpkg.com/@esbuild/openbsd-x64/-/openbsd-x64-0.17.16.tgz#85035bf89efd66e9068bc72aa6bb85a2c317d090"
  integrity sha512-lEEfkfsUbo0xC47eSTBqsItXDSzwzwhKUSsVaVjVji07t8+6KA5INp2rN890dHZeueXJAI8q0tEIfbwVRYf6Ew==

"@esbuild/sunos-x64@0.17.16":
  version "0.17.16"
  resolved "https://registry.yarnpkg.com/@esbuild/sunos-x64/-/sunos-x64-0.17.16.tgz#16338ecab854cb2d831cc9ee9cc21ef69566e1f3"
  integrity sha512-jlRjsuvG1fgGwnE8Afs7xYDnGz0dBgTNZfgCK6TlvPH3Z13/P5pi6I57vyLE8qZYLrGVtwcm9UbUx1/mZ8Ukag==

"@esbuild/win32-arm64@0.17.16":
  version "0.17.16"
  resolved "https://registry.yarnpkg.com/@esbuild/win32-arm64/-/win32-arm64-0.17.16.tgz#423f46bb744aff897a5f74435469e1ef4952e343"
  integrity sha512-TzoU2qwVe2boOHl/3KNBUv2PNUc38U0TNnzqOAcgPiD/EZxT2s736xfC2dYQbszAwo4MKzzwBV0iHjhfjxMimg==

"@esbuild/win32-ia32@0.17.16":
  version "0.17.16"
  resolved "https://registry.yarnpkg.com/@esbuild/win32-ia32/-/win32-ia32-0.17.16.tgz#1978be5b192c7063bd2c8d5960eb213e1964740e"
  integrity sha512-B8b7W+oo2yb/3xmwk9Vc99hC9bNolvqjaTZYEfMQhzdpBsjTvZBlXQ/teUE55Ww6sg//wlcDjOaqldOKyigWdA==

"@esbuild/win32-x64@0.17.16":
  version "0.17.16"
  resolved "https://registry.yarnpkg.com/@esbuild/win32-x64/-/win32-x64-0.17.16.tgz#260f19b0a3300d22c3a3f52722c671dc561edaa3"
  integrity sha512-xJ7OH/nanouJO9pf03YsL9NAFQBHd8AqfrQd7Pf5laGyyTt/gToul6QYOA/i5i/q8y9iaM5DQFNTgpi995VkOg==

"@types/node@^18.15.11":
  version "18.15.11"
  resolved "https://registry.yarnpkg.com/@types/node/-/node-18.15.11.tgz#b3b790f09cb1696cffcec605de025b088fa4225f"
  integrity sha512-E5Kwq2n4SbMzQOn6wnmBjuK9ouqlURrcZDVfbo9ftDDTFt3nk7ZKK4GMOzoYgnpQJKcxwQw+lGaBvvlMo0qN/Q==

asynckit@^0.4.0:
  version "0.4.0"
  resolved "https://registry.yarnpkg.com/asynckit/-/asynckit-0.4.0.tgz#c79ed97f7f34cb8f2ba1bc9790bcc366474b4b79"
  integrity sha512-Oei9OH4tRh0YqU3GxhX79dM/mwVgvbZJaSNaRk+bshkj0S5cfHcgYakreBjrHwatXKbz+IoIdYLxrKim2MjW0Q==

axios@^0.26.0:
  version "0.26.1"
  resolved "https://registry.yarnpkg.com/axios/-/axios-0.26.1.tgz#1ede41c51fcf51bbbd6fd43669caaa4f0495aaa9"
  integrity sha512-fPwcX4EvnSHuInCMItEhAGnaSEXRBjtzh9fOtsE6E1G6p7vl7edEeZe11QHf18+6+9gR5PbKV/sGKNaD8YaMeA==
  dependencies:
    follow-redirects "^1.14.8"

buffer-from@^1.0.0:
  version "1.1.2"
  resolved "https://registry.yarnpkg.com/buffer-from/-/buffer-from-1.1.2.tgz#2b146a6fd72e80b4f55d255f35ed59a3a9a41bd5"
  integrity sha512-E+XQCRwSbaaiChtv6k6Dwgc+bx+Bs6vuKJHHl5kox/BaKbhiXzqQOwK4cO22yElGp2OCmjwVhT3HmxgyPGnJfQ==

combined-stream@^1.0.8:
  version "1.0.8"
  resolved "https://registry.yarnpkg.com/combined-stream/-/combined-stream-1.0.8.tgz#c3d45a8b34fd730631a110a8a2520682b31d5a7f"
  integrity sha512-FQN4MRfuJeHf7cBbBMJFXhKSDq+2kAArBlmRBvcvFE5BB1HZKXtSFASDhdlz9zOYwxh8lDdnvmMOe/+5cdoEdg==
  dependencies:
    delayed-stream "~1.0.0"

delayed-stream@~1.0.0:
  version "1.0.0"
  resolved "https://registry.yarnpkg.com/delayed-stream/-/delayed-stream-1.0.0.tgz#df3ae199acadfb7d440aaae0b29e2272b24ec619"
  integrity sha512-ZySD7Nf91aLB0RxL4KGrKHBXl7Eds1DAmEdcoVawXnLD7SDhpNgtuII2aAkg7a7QS41jxPSZ17p4VdGnMHk3MQ==

dotenv@^16.0.3:
  version "16.0.3"
  resolved "https://registry.yarnpkg.com/dotenv/-/dotenv-16.0.3.tgz#115aec42bac5053db3c456db30cc243a5a836a07"
  integrity sha512-7GO6HghkA5fYG9TYnNxi14/7K9f5occMlp3zXAuSxn7CKCxt9xbNWG7yF8hTCSUchlfWSe3uLmlPfigevRItzQ==

esbuild@~0.17.6:
  version "0.17.16"
  resolved "https://registry.yarnpkg.com/esbuild/-/esbuild-0.17.16.tgz#5efec24a8ff29e0c157359f27e1b5532a728b720"
  integrity sha512-aeSuUKr9aFVY9Dc8ETVELGgkj4urg5isYx8pLf4wlGgB0vTFjxJQdHnNH6Shmx4vYYrOTLCHtRI5i1XZ9l2Zcg==
  optionalDependencies:
    "@esbuild/android-arm" "0.17.16"
    "@esbuild/android-arm64" "0.17.16"
    "@esbuild/android-x64" "0.17.16"
    "@esbuild/darwin-arm64" "0.17.16"
    "@esbuild/darwin-x64" "0.17.16"
    "@esbuild/freebsd-arm64" "0.17.16"
    "@esbuild/freebsd-x64" "0.17.16"
    "@esbuild/linux-arm" "0.17.16"
    "@esbuild/linux-arm64" "0.17.16"
    "@esbuild/linux-ia32" "0.17.16"
    "@esbuild/linux-loong64" "0.17.16"
    "@esbuild/linux-mips64el" "0.17.16"
    "@esbuild/linux-ppc64" "0.17.16"
    "@esbuild/linux-riscv64" "0.17.16"
    "@esbuild/linux-s390x" "0.17.16"
    "@esbuild/linux-x64" "0.17.16"
    "@esbuild/netbsd-x64" "0.17.16"
    "@esbuild/openbsd-x64" "0.17.16"
    "@esbuild/sunos-x64" "0.17.16"
    "@esbuild/win32-arm64" "0.17.16"
    "@esbuild/win32-ia32" "0.17.16"
    "@esbuild/win32-x64" "0.17.16"

follow-redirects@^1.14.8:
  version "1.15.2"
  resolved "https://registry.yarnpkg.com/follow-redirects/-/follow-redirects-1.15.2.tgz#b460864144ba63f2681096f274c4e57026da2c13"
  integrity sha512-VQLG33o04KaQ8uYi2tVNbdrWp1QWxNNea+nmIB4EVM28v0hmP17z7aG1+wAkNzVq4KeXTq3221ye5qTJP91JwA==

form-data@^4.0.0:
  version "4.0.0"
  resolved "https://registry.yarnpkg.com/form-data/-/form-data-4.0.0.tgz#93919daeaf361ee529584b9b31664dc12c9fa452"
  integrity sha512-ETEklSGi5t0QMZuiXoA/Q6vcnxcLQP5vdugSpuAyi6SVGi2clPPp+xgEhuMaHC+zGgn31Kd235W35f7Hykkaww==
  dependencies:
    asynckit "^0.4.0"
    combined-stream "^1.0.8"
    mime-types "^2.1.12"

fsevents@~2.3.2:
  version "2.3.2"
  resolved "https://registry.yarnpkg.com/fsevents/-/fsevents-2.3.2.tgz#8a526f78b8fdf4623b709e0b975c52c24c02fd1a"
  integrity sha512-xiqMQR4xAeHTuB9uWm+fFRcIOgKBMiOBP+eXiyT7jsgVCq1bkVygt00oASowB7EdtpOHaaPgKt812P9ab+DDKA==

get-tsconfig@^4.4.0:
  version "4.5.0"
  resolved "https://registry.yarnpkg.com/get-tsconfig/-/get-tsconfig-4.5.0.tgz#6d52d1c7b299bd3ee9cd7638561653399ac77b0f"
  integrity sha512-MjhiaIWCJ1sAU4pIQ5i5OfOuHHxVo1oYeNsWTON7jxYkod8pHocXeh+SSbmu5OZZZK73B6cbJ2XADzXehLyovQ==

mime-db@1.52.0:
  version "1.52.0"
  resolved "https://registry.yarnpkg.com/mime-db/-/mime-db-1.52.0.tgz#bbabcdc02859f4987301c856e3387ce5ec43bf70"
  integrity sha512-sPU4uV7dYlvtWJxwwxHD0PuihVNiE7TyAbQ5SWxDCB9mUYvOgroQOwYQQOKPJ8CIbE+1ETVlOoK1UC2nU3gYvg==

mime-types@^2.1.12:
  version "2.1.35"
  resolved "https://registry.yarnpkg.com/mime-types/-/mime-types-2.1.35.tgz#381a871b62a734450660ae3deee44813f70d959a"
  integrity sha512-ZDY+bPm5zTTF+YpCrAU9nK0UgICYPT0QtT1NZWFv4s++TNkcgVaT0g6+4R2uI4MjQjzysHB1zxuWL50hzaeXiw==
  dependencies:
    mime-db "1.52.0"

openai@^3.2.1:
  version "3.2.1"
  resolved "https://registry.yarnpkg.com/openai/-/openai-3.2.1.tgz#1fa35bdf979cbde8453b43f2dd3a7d401ee40866"
  integrity sha512-762C9BNlJPbjjlWZi4WYK9iM2tAVAv0uUp1UmI34vb0CN5T2mjB/qM6RYBmNKMh/dN9fC+bxqPwWJZUTWW052A==
  dependencies:
    axios "^0.26.0"
    form-data "^4.0.0"

source-map-support@^0.5.21:
  version "0.5.21"
  resolved "https://registry.yarnpkg.com/source-map-support/-/source-map-support-0.5.21.tgz#04fe7c7f9e1ed2d662233c28cb2b35b9f63f6e4f"
  integrity sha512-uBHU3L3czsIyYXKX88fdrGovxdSCoTGDRZ6SYXtSRxLZUzHg5P/66Ht6uoUlHu9EZod+inXhKo3qQgwXUT/y1w==
  dependencies:
    buffer-from "^1.0.0"
    source-map "^0.6.0"

source-map@^0.6.0:
  version "0.6.1"
  resolved "https://registry.yarnpkg.com/source-map/-/source-map-0.6.1.tgz#74722af32e9614e9c287a8d0bbde48b5e2f1a263"
  integrity sha512-UjgapumWlbMhkBgzT7Ykc5YXUT46F0iKu8SGXq0bcwP5dz/h0Plj6enJqjz1Zbq2l5WaqYnrVbwWOWMyF3F47g==

tsx@^3.12.6:
  version "3.12.6"
  resolved "https://registry.yarnpkg.com/tsx/-/tsx-3.12.6.tgz#36b3693e48b8392da374487190972c7b80e433b4"
  integrity sha512-q93WgS3lBdHlPgS0h1i+87Pt6n9K/qULIMNYZo07nSeu2z5QE2CellcAZfofVXBo2tQg9av2ZcRMQ2S2i5oadQ==
  dependencies:
    "@esbuild-kit/cjs-loader" "^2.4.2"
    "@esbuild-kit/core-utils" "^3.0.0"
    "@esbuild-kit/esm-loader" "^2.5.5"
  optionalDependencies:
    fsevents "~2.3.2"

typescript@^5.0.4:
  version "5.0.4"
  resolved "https://registry.yarnpkg.com/typescript/-/typescript-5.0.4.tgz#b217fd20119bd61a94d4011274e0ab369058da3b"
  integrity sha512-cW9T5W9xY37cc+jfEnaUvX91foxtHkza3Nw3wkoF4sSlKn0MONdkdEndig/qPBWXNkmplh3NzayQzCiHM4/hqw==

zod-to-json-schema@^3.20.4:
  version "3.20.4"
  resolved "https://registry.yarnpkg.com/zod-to-json-schema/-/zod-to-json-schema-3.20.4.tgz#155f687c5a059fdc0f1bb3ff32d6e9200036b6f4"
  integrity sha512-Un9+kInJ2Zt63n6Z7mLqBifzzPcOyX+b+Exuzf7L1+xqck9Q2EPByyTRduV3kmSPaXaRer1JCsucubpgL1fipg==

zod@^3.21.4:
  version "3.21.4"
  resolved "https://registry.yarnpkg.com/zod/-/zod-3.21.4.tgz#10882231d992519f0a10b5dd58a38c9dabbb64db"
  integrity sha512-m46AKbrzKVzOzs/DZgVnG5H55N1sv1M8qZU3A8RIKbs3mrACDNeIOeilDymVb2HdmP8uwshOCF4uJ8uM9rCqJw==
